
Microsoft Visual Studio Solution File, Format Version 12.00
# Visual Studio Version 17
VisualStudioVersion = 17.14.36811.4
MinimumVisualStudioVersion = 10.0.40219.1
Project("{FAE04EC0-301F-11D3-BF4B-00C04F79EFBC}") = "VentesMeubles", "VentesMeubles.csproj", "{C9276956-0C68-42B7-A3DA-0E9BFC814B43}"
EndProject
Project("{FAE04EC0-301F-11D3-BF4B-00C04F79EFBC}") = "Transaction", "..\Transaction\Transaction.csproj", "{069019E1-EAA6-4537-89C3-099A76ACB84F}"
EndProject
Project("{FAE04EC0-301F-11D3-BF4B-00C04F79EFBC}") = "Types", "..\Types\Types.csproj", "{B081386D-7112-46FE-A9C9-4B0DF106E149}"
EndProject
Global
	GlobalSection(SolutionConfigurationPlatforms) = preSolution
		Debug|Any CPU = Debug|Any CPU
		Release|Any CPU = Release|Any CPU
	EndGlobalSection
	GlobalSection(ProjectConfigurationPlatforms) = postSolution
		{C9276956-0C68-42B7-A3DA-0E9BFC814B43}.Debug|Any CPU.ActiveCfg = Debug|Any CPU
		{C9276956-0C68-42B7-A3DA-0E9BFC814B43}.Debug|Any CPU.Build.0 = Debug|Any CPU
		{C9276956-0C68-42B7-A3DA-0E9BFC814B43}.Release|Any CPU.ActiveCfg = Release|Any CPU
		{C9276956-0C68-42B7-A3DA-0E9BFC814B43}.Release|Any CPU.Build.0 = Release|Any CPU
		{069019E1-EAA6-4537-89C3-099A76ACB84F}.Debug|Any CPU.ActiveCfg = Debug|Any CPU
		{069019E1-EAA6-4537-89C3-099A76ACB84F}.Debug|Any CPU.Build.0 = Debug|Any CPU
		{069019E1-EAA6-4537-89C3-099A76ACB84F}.Release|Any CPU.ActiveCfg = Release|Any CPU
		{069019E1-EAA6-4537-89C3-099A76ACB84F}.Release|Any CPU.Build.0 = Release|Any CPU
		{B081386D-7112-46FE-A9C9-4B0DF106E149}.Debug|Any CPU.ActiveCfg = Debug|Any CPU
		{B081386D-7112-46FE-A9C9-4B0DF106E149}.Debug|Any CPU.Build.0 = Debug|Any CPU
		{B081386D-7112-46FE-A9C9-4B0DF106E149}.Release|Any CPU.ActiveCfg = Release|Any CPU
		{B081386D-7112-46FE-A9C9-4B0DF106E149}.Release|Any CPU.Build.0 = Release|Any CPU
	EndGlobalSection
	GlobalSection(SolutionProperties) = preSolution
		HideSolutionNode = FALSE
	EndGlobalSection
	GlobalSection(ExtensibilityGlobals) = postSolution
		SolutionGuid = {EEC6165D-5746-41A0-A389-595701B96BA2}
	EndGlobalSection
EndGlobal
